// !$*UTF8*$!
{
	archiveVersion = 1;
	classes = {
	};
	objectVersion = 51;
	objects = {

/* Begin PBXBuildFile section */
		21503AD3232901AF00761B71 /* HomeNavigator.swift in Sources */ = {isa = PBXBuildFile; fileRef = 21503ACF232901AF00761B71 /* HomeNavigator.swift */; };
		21503AD4232901AF00761B71 /* HomeViewController.swift in Sources */ = {isa = PBXBuildFile; fileRef = 21503AD0232901AF00761B71 /* HomeViewController.swift */; };
		21503AD82329104500761B71 /* Observable+Extensions.swift in Sources */ = {isa = PBXBuildFile; fileRef = 21503AD72329104500761B71 /* Observable+Extensions.swift */; };
		21503ADA2329119300761B71 /* HahaViewController.swift in Sources */ = {isa = PBXBuildFile; fileRef = 21503AD92329119300761B71 /* HahaViewController.swift */; };
		21503ADD2329274400761B71 /* TransactionTableViewCell.swift in Sources */ = {isa = PBXBuildFile; fileRef = 21503ADC2329274400761B71 /* TransactionTableViewCell.swift */; };
		21503ADF2329280A00761B71 /* Transaction.swift in Sources */ = {isa = PBXBuildFile; fileRef = 21503ADE2329280A00761B71 /* Transaction.swift */; };
		21503AE12329396500761B71 /* DefaultNavigationController.swift in Sources */ = {isa = PBXBuildFile; fileRef = 21503AE02329396500761B71 /* DefaultNavigationController.swift */; };
		216981FE232779A7009455FF /* Category.swift in Sources */ = {isa = PBXBuildFile; fileRef = 216981FD232779A7009455FF /* Category.swift */; };
		2169820123277D7D009455FF /* CategoryTableViewCell.swift in Sources */ = {isa = PBXBuildFile; fileRef = 2169820023277D7D009455FF /* CategoryTableViewCell.swift */; };
		21698203232788D5009455FF /* Int+Extension.swift in Sources */ = {isa = PBXBuildFile; fileRef = 21698202232788D5009455FF /* Int+Extension.swift */; };
		21D603B32326529900F075E8 /* AppDelegate.swift in Sources */ = {isa = PBXBuildFile; fileRef = 21D603B22326529900F075E8 /* AppDelegate.swift */; };
		21D603BA2326529B00F075E8 /* Assets.xcassets in Resources */ = {isa = PBXBuildFile; fileRef = 21D603B92326529B00F075E8 /* Assets.xcassets */; };
		21D603BD2326529B00F075E8 /* LaunchScreen.storyboard in Resources */ = {isa = PBXBuildFile; fileRef = 21D603BB2326529B00F075E8 /* LaunchScreen.storyboard */; };
		21D603C52326545E00F075E8 /* CategoryViewController.swift in Sources */ = {isa = PBXBuildFile; fileRef = 21D603C42326545E00F075E8 /* CategoryViewController.swift */; };
		21D603C8232654A900F075E8 /* UIColor.swift in Sources */ = {isa = PBXBuildFile; fileRef = 21D603C7232654A900F075E8 /* UIColor.swift */; };
		21D603CA232654B900F075E8 /* Typography.swift in Sources */ = {isa = PBXBuildFile; fileRef = 21D603C9232654B900F075E8 /* Typography.swift */; };
		21D603D12326563000F075E8 /* AirbnbCereal-Book.ttf in Resources */ = {isa = PBXBuildFile; fileRef = 21D603CC2326563000F075E8 /* AirbnbCereal-Book.ttf */; };
		21D603D22326563000F075E8 /* AirbnbCereal-ExtraBold.ttf in Resources */ = {isa = PBXBuildFile; fileRef = 21D603CD2326563000F075E8 /* AirbnbCereal-ExtraBold.ttf */; };
		21D603D32326563000F075E8 /* AirbnbCereal-Bold.ttf in Resources */ = {isa = PBXBuildFile; fileRef = 21D603CE2326563000F075E8 /* AirbnbCereal-Bold.ttf */; };
		21D603D42326563000F075E8 /* AirbnbCereal-Medium.ttf in Resources */ = {isa = PBXBuildFile; fileRef = 21D603CF2326563000F075E8 /* AirbnbCereal-Medium.ttf */; };
		21D603D52326563000F075E8 /* AirbnbCereal-Light.ttf in Resources */ = {isa = PBXBuildFile; fileRef = 21D603D02326563000F075E8 /* AirbnbCereal-Light.ttf */; };
		21D603DB23265D9800F075E8 /* ViewModelType.swift in Sources */ = {isa = PBXBuildFile; fileRef = 21D603DA23265D9800F075E8 /* ViewModelType.swift */; };
		7FB1AD37DF5097BCD2D2742C /* Pods_Moneywell.framework in Frameworks */ = {isa = PBXBuildFile; fileRef = 68417F12D62562F4F3525DCE /* Pods_Moneywell.framework */; };
/* End PBXBuildFile section */

/* Begin PBXFileReference section */
		1DD23306FEA1F6FDBEC8A15E /* Pods-Moneywell.release.xcconfig */ = {isa = PBXFileReference; includeInIndex = 1; lastKnownFileType = text.xcconfig; name = "Pods-Moneywell.release.xcconfig"; path = "Target Support Files/Pods-Moneywell/Pods-Moneywell.release.xcconfig"; sourceTree = "<group>"; };
		21503ACF232901AF00761B71 /* HomeNavigator.swift */ = {isa = PBXFileReference; lastKnownFileType = sourcecode.swift; path = HomeNavigator.swift; sourceTree = "<group>"; };
		21503AD0232901AF00761B71 /* HomeViewController.swift */ = {isa = PBXFileReference; lastKnownFileType = sourcecode.swift; path = HomeViewController.swift; sourceTree = "<group>"; };
		21503AD72329104500761B71 /* Observable+Extensions.swift */ = {isa = PBXFileReference; lastKnownFileType = sourcecode.swift; path = "Observable+Extensions.swift"; sourceTree = "<group>"; };
		21503AD92329119300761B71 /* HahaViewController.swift */ = {isa = PBXFileReference; lastKnownFileType = sourcecode.swift; path = HahaViewController.swift; sourceTree = "<group>"; };
		21503ADC2329274400761B71 /* TransactionTableViewCell.swift */ = {isa = PBXFileReference; lastKnownFileType = sourcecode.swift; path = TransactionTableViewCell.swift; sourceTree = "<group>"; };
		21503ADE2329280A00761B71 /* Transaction.swift */ = {isa = PBXFileReference; lastKnownFileType = sourcecode.swift; path = Transaction.swift; sourceTree = "<group>"; };
		21503AE02329396500761B71 /* DefaultNavigationController.swift */ = {isa = PBXFileReference; lastKnownFileType = sourcecode.swift; path = DefaultNavigationController.swift; sourceTree = "<group>"; };
		216981FD232779A7009455FF /* Category.swift */ = {isa = PBXFileReference; lastKnownFileType = sourcecode.swift; path = Category.swift; sourceTree = "<group>"; };
		2169820023277D7D009455FF /* CategoryTableViewCell.swift */ = {isa = PBXFileReference; lastKnownFileType = sourcecode.swift; path = CategoryTableViewCell.swift; sourceTree = "<group>"; };
		21698202232788D5009455FF /* Int+Extension.swift */ = {isa = PBXFileReference; lastKnownFileType = sourcecode.swift; path = "Int+Extension.swift"; sourceTree = "<group>"; };
		21D603AF2326529900F075E8 /* Moneywell.app */ = {isa = PBXFileReference; explicitFileType = wrapper.application; includeInIndex = 0; path = Moneywell.app; sourceTree = BUILT_PRODUCTS_DIR; };
		21D603B22326529900F075E8 /* AppDelegate.swift */ = {isa = PBXFileReference; lastKnownFileType = sourcecode.swift; path = AppDelegate.swift; sourceTree = "<group>"; };
		21D603B92326529B00F075E8 /* Assets.xcassets */ = {isa = PBXFileReference; lastKnownFileType = folder.assetcatalog; path = Assets.xcassets; sourceTree = "<group>"; };
		21D603BC2326529B00F075E8 /* Base */ = {isa = PBXFileReference; lastKnownFileType = file.storyboard; name = Base; path = Base.lproj/LaunchScreen.storyboard; sourceTree = "<group>"; };
		21D603BE2326529B00F075E8 /* Info.plist */ = {isa = PBXFileReference; lastKnownFileType = text.plist.xml; path = Info.plist; sourceTree = "<group>"; };
		21D603C42326545E00F075E8 /* CategoryViewController.swift */ = {isa = PBXFileReference; lastKnownFileType = sourcecode.swift; path = CategoryViewController.swift; sourceTree = "<group>"; };
		21D603C7232654A900F075E8 /* UIColor.swift */ = {isa = PBXFileReference; lastKnownFileType = sourcecode.swift; path = UIColor.swift; sourceTree = "<group>"; };
		21D603C9232654B900F075E8 /* Typography.swift */ = {isa = PBXFileReference; lastKnownFileType = sourcecode.swift; path = Typography.swift; sourceTree = "<group>"; };
		21D603CC2326563000F075E8 /* AirbnbCereal-Book.ttf */ = {isa = PBXFileReference; lastKnownFileType = file; path = "AirbnbCereal-Book.ttf"; sourceTree = "<group>"; };
		21D603CD2326563000F075E8 /* AirbnbCereal-ExtraBold.ttf */ = {isa = PBXFileReference; lastKnownFileType = file; path = "AirbnbCereal-ExtraBold.ttf"; sourceTree = "<group>"; };
		21D603CE2326563000F075E8 /* AirbnbCereal-Bold.ttf */ = {isa = PBXFileReference; lastKnownFileType = file; path = "AirbnbCereal-Bold.ttf"; sourceTree = "<group>"; };
		21D603CF2326563000F075E8 /* AirbnbCereal-Medium.ttf */ = {isa = PBXFileReference; lastKnownFileType = file; path = "AirbnbCereal-Medium.ttf"; sourceTree = "<group>"; };
		21D603D02326563000F075E8 /* AirbnbCereal-Light.ttf */ = {isa = PBXFileReference; lastKnownFileType = file; path = "AirbnbCereal-Light.ttf"; sourceTree = "<group>"; };
		21D603DA23265D9800F075E8 /* ViewModelType.swift */ = {isa = PBXFileReference; lastKnownFileType = sourcecode.swift; path = ViewModelType.swift; sourceTree = "<group>"; };
		68417F12D62562F4F3525DCE /* Pods_Moneywell.framework */ = {isa = PBXFileReference; explicitFileType = wrapper.framework; includeInIndex = 0; path = Pods_Moneywell.framework; sourceTree = BUILT_PRODUCTS_DIR; };
		E4EB5C09788DE7B3102C3352 /* Pods-Moneywell.debug.xcconfig */ = {isa = PBXFileReference; includeInIndex = 1; lastKnownFileType = text.xcconfig; name = "Pods-Moneywell.debug.xcconfig"; path = "Target Support Files/Pods-Moneywell/Pods-Moneywell.debug.xcconfig"; sourceTree = "<group>"; };
/* End PBXFileReference section */

/* Begin PBXFrameworksBuildPhase section */
		21D603AC2326529900F075E8 /* Frameworks */ = {
			isa = PBXFrameworksBuildPhase;
			buildActionMask = 2147483647;
			files = (
				7FB1AD37DF5097BCD2D2742C /* Pods_Moneywell.framework in Frameworks */,
			);
			runOnlyForDeploymentPostprocessing = 0;
		};
/* End PBXFrameworksBuildPhase section */

/* Begin PBXGroup section */
		21503ADB2329272100761B71 /* Cell */ = {
			isa = PBXGroup;
			children = (
				21503ADC2329274400761B71 /* TransactionTableViewCell.swift */,
			);
			path = Cell;
			sourceTree = "<group>";
		};
		216981FC23277919009455FF /* Model */ = {
			isa = PBXGroup;
			children = (
				216981FD232779A7009455FF /* Category.swift */,
				21503ADE2329280A00761B71 /* Transaction.swift */,
			);
			path = Model;
			sourceTree = "<group>";
		};
		216981FF23277CC0009455FF /* Cell */ = {
			isa = PBXGroup;
			children = (
				2169820023277D7D009455FF /* CategoryTableViewCell.swift */,
			);
			path = Cell;
			sourceTree = "<group>";
		};
		216982042327CF1D009455FF /* Category */ = {
			isa = PBXGroup;
			children = (
				216981FF23277CC0009455FF /* Cell */,
				21D603C42326545E00F075E8 /* CategoryViewController.swift */,
			);
			path = Category;
			sourceTree = "<group>";
		};
		21D603A62326529900F075E8 = {
			isa = PBXGroup;
			children = (
				21D603B12326529900F075E8 /* Moneywell */,
				21D603B02326529900F075E8 /* Products */,
				C44D53B5D7558245135257B2 /* Pods */,
				5E9B8561958F6B01243FE660 /* Frameworks */,
			);
			sourceTree = "<group>";
		};
		21D603B02326529900F075E8 /* Products */ = {
			isa = PBXGroup;
			children = (
				21D603AF2326529900F075E8 /* Moneywell.app */,
			);
			name = Products;
			sourceTree = "<group>";
		};
		21D603B12326529900F075E8 /* Moneywell */ = {
			isa = PBXGroup;
			children = (
				216982042327CF1D009455FF /* Category */,
				216981FC23277919009455FF /* Model */,
				21D603D923265D8900F075E8 /* Shared */,
				21D603D623265CE700F075E8 /* Home */,
				21D603CB232655EC00F075E8 /* Resources */,
				21D603C62326548C00F075E8 /* Extensions */,
				21D603B22326529900F075E8 /* AppDelegate.swift */,
				21D603B92326529B00F075E8 /* Assets.xcassets */,
				21D603BB2326529B00F075E8 /* LaunchScreen.storyboard */,
				21D603BE2326529B00F075E8 /* Info.plist */,
			);
			path = Moneywell;
			sourceTree = "<group>";
		};
		21D603C62326548C00F075E8 /* Extensions */ = {
			isa = PBXGroup;
			children = (
				21D603C7232654A900F075E8 /* UIColor.swift */,
				21D603C9232654B900F075E8 /* Typography.swift */,
				21698202232788D5009455FF /* Int+Extension.swift */,
				21503AD72329104500761B71 /* Observable+Extensions.swift */,
			);
			path = Extensions;
			sourceTree = "<group>";
		};
		21D603CB232655EC00F075E8 /* Resources */ = {
			isa = PBXGroup;
			children = (
				21D603CE2326563000F075E8 /* AirbnbCereal-Bold.ttf */,
				21D603CC2326563000F075E8 /* AirbnbCereal-Book.ttf */,
				21D603CD2326563000F075E8 /* AirbnbCereal-ExtraBold.ttf */,
				21D603D02326563000F075E8 /* AirbnbCereal-Light.ttf */,
				21D603CF2326563000F075E8 /* AirbnbCereal-Medium.ttf */,
			);
			path = Resources;
			sourceTree = "<group>";
		};
		21D603D623265CE700F075E8 /* Home */ = {
			isa = PBXGroup;
			children = (
				21503ADB2329272100761B71 /* Cell */,
				21503ACF232901AF00761B71 /* HomeNavigator.swift */,
				21503AD0232901AF00761B71 /* HomeViewController.swift */,
			);
			path = Home;
			sourceTree = "<group>";
		};
		21D603D923265D8900F075E8 /* Shared */ = {
			isa = PBXGroup;
			children = (
				21D603DA23265D9800F075E8 /* ViewModelType.swift */,
				21503AD92329119300761B71 /* HahaViewController.swift */,
				21503AE02329396500761B71 /* DefaultNavigationController.swift */,
			);
			path = Shared;
			sourceTree = "<group>";
		};
		5E9B8561958F6B01243FE660 /* Frameworks */ = {
			isa = PBXGroup;
			children = (
				68417F12D62562F4F3525DCE /* Pods_Moneywell.framework */,
			);
			name = Frameworks;
			sourceTree = "<group>";
		};
		C44D53B5D7558245135257B2 /* Pods */ = {
			isa = PBXGroup;
			children = (
				E4EB5C09788DE7B3102C3352 /* Pods-Moneywell.debug.xcconfig */,
				1DD23306FEA1F6FDBEC8A15E /* Pods-Moneywell.release.xcconfig */,
			);
			path = Pods;
			sourceTree = "<group>";
		};
/* End PBXGroup section */

/* Begin PBXNativeTarget section */
		21D603AE2326529900F075E8 /* Moneywell */ = {
			isa = PBXNativeTarget;
			buildConfigurationList = 21D603C12326529B00F075E8 /* Build configuration list for PBXNativeTarget "Moneywell" */;
			buildPhases = (
				5A05400FC10D5E7B4F03E960 /* [CP] Check Pods Manifest.lock */,
				21D603AB2326529900F075E8 /* Sources */,
				21D603AC2326529900F075E8 /* Frameworks */,
				21D603AD2326529900F075E8 /* Resources */,
				E63CD2B77A1C323017AF7B64 /* [CP] Embed Pods Frameworks */,
			);
			buildRules = (
			);
			dependencies = (
			);
			name = Moneywell;
			productName = Moneywell;
			productReference = 21D603AF2326529900F075E8 /* Moneywell.app */;
			productType = "com.apple.product-type.application";
		};
/* End PBXNativeTarget section */

/* Begin PBXProject section */
		21D603A72326529900F075E8 /* Project object */ = {
			isa = PBXProject;
			attributes = {
				LastSwiftUpdateCheck = 1030;
				LastUpgradeCheck = 1030;
				ORGANIZATIONNAME = "Abram Situmorang";
				TargetAttributes = {
					21D603AE2326529900F075E8 = {
						CreatedOnToolsVersion = 10.3;
					};
				};
			};
			buildConfigurationList = 21D603AA2326529900F075E8 /* Build configuration list for PBXProject "Moneywell" */;
			compatibilityVersion = "Xcode 9.3";
			developmentRegion = en;
			hasScannedForEncodings = 0;
			knownRegions = (
				en,
				Base,
			);
			mainGroup = 21D603A62326529900F075E8;
			productRefGroup = 21D603B02326529900F075E8 /* Products */;
			projectDirPath = "";
			projectRoot = "";
			targets = (
				21D603AE2326529900F075E8 /* Moneywell */,
			);
		};
/* End PBXProject section */

/* Begin PBXResourcesBuildPhase section */
		21D603AD2326529900F075E8 /* Resources */ = {
			isa = PBXResourcesBuildPhase;
			buildActionMask = 2147483647;
			files = (
				21D603BD2326529B00F075E8 /* LaunchScreen.storyboard in Resources */,
				21D603D52326563000F075E8 /* AirbnbCereal-Light.ttf in Resources */,
				21D603BA2326529B00F075E8 /* Assets.xcassets in Resources */,
				21D603D22326563000F075E8 /* AirbnbCereal-ExtraBold.ttf in Resources */,
				21D603D32326563000F075E8 /* AirbnbCereal-Bold.ttf in Resources */,
				21D603D12326563000F075E8 /* AirbnbCereal-Book.ttf in Resources */,
				21D603D42326563000F075E8 /* AirbnbCereal-Medium.ttf in Resources */,
			);
			runOnlyForDeploymentPostprocessing = 0;
		};
/* End PBXResourcesBuildPhase section */

/* Begin PBXShellScriptBuildPhase section */
		5A05400FC10D5E7B4F03E960 /* [CP] Check Pods Manifest.lock */ = {
			isa = PBXShellScriptBuildPhase;
			buildActionMask = 2147483647;
			files = (
			);
			inputFileListPaths = (
			);
			inputPaths = (
				"${PODS_PODFILE_DIR_PATH}/Podfile.lock",
				"${PODS_ROOT}/Manifest.lock",
			);
			name = "[CP] Check Pods Manifest.lock";
			outputFileListPaths = (
			);
			outputPaths = (
				"$(DERIVED_FILE_DIR)/Pods-Moneywell-checkManifestLockResult.txt",
			);
			runOnlyForDeploymentPostprocessing = 0;
			shellPath = /bin/sh;
			shellScript = "diff \"${PODS_PODFILE_DIR_PATH}/Podfile.lock\" \"${PODS_ROOT}/Manifest.lock\" > /dev/null\nif [ $? != 0 ] ; then\n    # print error to STDERR\n    echo \"error: The sandbox is not in sync with the Podfile.lock. Run 'pod install' or update your CocoaPods installation.\" >&2\n    exit 1\nfi\n# This output is used by Xcode 'outputs' to avoid re-running this script phase.\necho \"SUCCESS\" > \"${SCRIPT_OUTPUT_FILE_0}\"\n";
			showEnvVarsInLog = 0;
		};
		E63CD2B77A1C323017AF7B64 /* [CP] Embed Pods Frameworks */ = {
			isa = PBXShellScriptBuildPhase;
			buildActionMask = 2147483647;
			files = (
			);
			inputFileListPaths = (
				"${PODS_ROOT}/Target Support Files/Pods-Moneywell/Pods-Moneywell-frameworks-${CONFIGURATION}-input-files.xcfilelist",
			);
			name = "[CP] Embed Pods Frameworks";
			outputFileListPaths = (
				"${PODS_ROOT}/Target Support Files/Pods-Moneywell/Pods-Moneywell-frameworks-${CONFIGURATION}-output-files.xcfilelist",
			);
			runOnlyForDeploymentPostprocessing = 0;
			shellPath = /bin/sh;
			shellScript = "\"${PODS_ROOT}/Target Support Files/Pods-Moneywell/Pods-Moneywell-frameworks.sh\"\n";
			showEnvVarsInLog = 0;
		};
/* End PBXShellScriptBuildPhase section */

/* Begin PBXSourcesBuildPhase section */
		21D603AB2326529900F075E8 /* Sources */ = {
			isa = PBXSourcesBuildPhase;
			buildActionMask = 2147483647;
			files = (
				21503ADF2329280A00761B71 /* Transaction.swift in Sources */,
				21503AE12329396500761B71 /* DefaultNavigationController.swift in Sources */,
				21503ADA2329119300761B71 /* HahaViewController.swift in Sources */,
				21D603B32326529900F075E8 /* AppDelegate.swift in Sources */,
				21D603C8232654A900F075E8 /* UIColor.swift in Sources */,
				216981FE232779A7009455FF /* Category.swift in Sources */,
				21698203232788D5009455FF /* Int+Extension.swift in Sources */,
				21503AD3232901AF00761B71 /* HomeNavigator.swift in Sources */,
				21503ADD2329274400761B71 /* TransactionTableViewCell.swift in Sources */,
				21503AD4232901AF00761B71 /* HomeViewController.swift in Sources */,
				21D603DB23265D9800F075E8 /* ViewModelType.swift in Sources */,
				21D603CA232654B900F075E8 /* Typography.swift in Sources */,
				21D603C52326545E00F075E8 /* CategoryViewController.swift in Sources */,
				21503AD82329104500761B71 /* Observable+Extensions.swift in Sources */,
				2169820123277D7D009455FF /* CategoryTableViewCell.swift in Sources */,
			);
			runOnlyForDeploymentPostprocessing = 0;
		};
/* End PBXSourcesBuildPhase section */

/* Begin PBXVariantGroup section */
		21D603BB2326529B00F075E8 /* LaunchScreen.storyboard */ = {
			isa = PBXVariantGroup;
			children = (
				21D603BC2326529B00F075E8 /* Base */,
			);
			name = LaunchScreen.storyboard;
			sourceTree = "<group>";
		};
/* End PBXVariantGroup section */

/* Begin XCBuildConfiguration section */
		21D603BF2326529B00F075E8 /* Debug */ = {
			isa = XCBuildConfiguration;
			buildSettings = {
				ALWAYS_SEARCH_USER_PATHS = NO;
				CLANG_ANALYZER_NONNULL = YES;
				CLANG_ANALYZER_NUMBER_OBJECT_CONVERSION = YES_AGGRESSIVE;
				CLANG_CXX_LANGUAGE_STANDARD = "gnu++14";
				CLANG_CXX_LIBRARY = "libc++";
				CLANG_ENABLE_MODULES = YES;
				CLANG_ENABLE_OBJC_ARC = YES;
				CLANG_ENABLE_OBJC_WEAK = YES;
				CLANG_WARN_BLOCK_CAPTURE_AUTORELEASING = YES;
				CLANG_WARN_BOOL_CONVERSION = YES;
				CLANG_WARN_COMMA = YES;
				CLANG_WARN_CONSTANT_CONVERSION = YES;
				CLANG_WARN_DEPRECATED_OBJC_IMPLEMENTATIONS = YES;
				CLANG_WARN_DIRECT_OBJC_ISA_USAGE = YES_ERROR;
				CLANG_WARN_DOCUMENTATION_COMMENTS = YES;
				CLANG_WARN_EMPTY_BODY = YES;
				CLANG_WARN_ENUM_CONVERSION = YES;
				CLANG_WARN_INFINITE_RECURSION = YES;
				CLANG_WARN_INT_CONVERSION = YES;
				CLANG_WARN_NON_LITERAL_NULL_CONVERSION = YES;
				CLANG_WARN_OBJC_IMPLICIT_RETAIN_SELF = YES;
				CLANG_WARN_OBJC_LITERAL_CONVERSION = YES;
				CLANG_WARN_OBJC_ROOT_CLASS = YES_ERROR;
				CLANG_WARN_RANGE_LOOP_ANALYSIS = YES;
				CLANG_WARN_STRICT_PROTOTYPES = YES;
				CLANG_WARN_SUSPICIOUS_MOVE = YES;
				CLANG_WARN_UNGUARDED_AVAILABILITY = YES_AGGRESSIVE;
				CLANG_WARN_UNREACHABLE_CODE = YES;
				CLANG_WARN__DUPLICATE_METHOD_MATCH = YES;
				CODE_SIGN_IDENTITY = "iPhone Developer";
				COPY_PHASE_STRIP = NO;
				DEBUG_INFORMATION_FORMAT = dwarf;
				ENABLE_STRICT_OBJC_MSGSEND = YES;
				ENABLE_TESTABILITY = YES;
				GCC_C_LANGUAGE_STANDARD = gnu11;
				GCC_DYNAMIC_NO_PIC = NO;
				GCC_NO_COMMON_BLOCKS = YES;
				GCC_OPTIMIZATION_LEVEL = 0;
				GCC_PREPROCESSOR_DEFINITIONS = (
					"DEBUG=1",
					"$(inherited)",
				);
				GCC_WARN_64_TO_32_BIT_CONVERSION = YES;
				GCC_WARN_ABOUT_RETURN_TYPE = YES_ERROR;
				GCC_WARN_UNDECLARED_SELECTOR = YES;
				GCC_WARN_UNINITIALIZED_AUTOS = YES_AGGRESSIVE;
				GCC_WARN_UNUSED_FUNCTION = YES;
				GCC_WARN_UNUSED_VARIABLE = YES;
				IPHONEOS_DEPLOYMENT_TARGET = 12.4;
				MTL_ENABLE_DEBUG_INFO = INCLUDE_SOURCE;
				MTL_FAST_MATH = YES;
				ONLY_ACTIVE_ARCH = YES;
				SDKROOT = iphoneos;
				SWIFT_ACTIVE_COMPILATION_CONDITIONS = DEBUG;
				SWIFT_OPTIMIZATION_LEVEL = "-Onone";
			};
			name = Debug;
		};
		21D603C02326529B00F075E8 /* Release */ = {
			isa = XCBuildConfiguration;
			buildSettings = {
				ALWAYS_SEARCH_USER_PATHS = NO;
				CLANG_ANALYZER_NONNULL = YES;
				CLANG_ANALYZER_NUMBER_OBJECT_CONVERSION = YES_AGGRESSIVE;
				CLANG_CXX_LANGUAGE_STANDARD = "gnu++14";
				CLANG_CXX_LIBRARY = "libc++";
				CLANG_ENABLE_MODULES = YES;
				CLANG_ENABLE_OBJC_ARC = YES;
				CLANG_ENABLE_OBJC_WEAK = YES;
				CLANG_WARN_BLOCK_CAPTURE_AUTORELEASING = YES;
				CLANG_WARN_BOOL_CONVERSION = YES;
				CLANG_WARN_COMMA = YES;
				CLANG_WARN_CONSTANT_CONVERSION = YES;
				CLANG_WARN_DEPRECATED_OBJC_IMPLEMENTATIONS = YES;
				CLANG_WARN_DIRECT_OBJC_ISA_USAGE = YES_ERROR;
				CLANG_WARN_DOCUMENTATION_COMMENTS = YES;
				CLANG_WARN_EMPTY_BODY = YES;
				CLANG_WARN_ENUM_CONVERSION = YES;
				CLANG_WARN_INFINITE_RECURSION = YES;
				CLANG_WARN_INT_CONVERSION = YES;
				CLANG_WARN_NON_LITERAL_NULL_CONVERSION = YES;
				CLANG_WARN_OBJC_IMPLICIT_RETAIN_SELF = YES;
				CLANG_WARN_OBJC_LITERAL_CONVERSION = YES;
				CLANG_WARN_OBJC_ROOT_CLASS = YES_ERROR;
				CLANG_WARN_RANGE_LOOP_ANALYSIS = YES;
				CLANG_WARN_STRICT_PROTOTYPES = YES;
				CLANG_WARN_SUSPICIOUS_MOVE = YES;
				CLANG_WARN_UNGUARDED_AVAILABILITY = YES_AGGRESSIVE;
				CLANG_WARN_UNREACHABLE_CODE = YES;
				CLANG_WARN__DUPLICATE_METHOD_MATCH = YES;
				CODE_SIGN_IDENTITY = "iPhone Developer";
				COPY_PHASE_STRIP = NO;
				DEBUG_INFORMATION_FORMAT = "dwarf-with-dsym";
				ENABLE_NS_ASSERTIONS = NO;
				ENABLE_STRICT_OBJC_MSGSEND = YES;
				GCC_C_LANGUAGE_STANDARD = gnu11;
				GCC_NO_COMMON_BLOCKS = YES;
				GCC_WARN_64_TO_32_BIT_CONVERSION = YES;
				GCC_WARN_ABOUT_RETURN_TYPE = YES_ERROR;
				GCC_WARN_UNDECLARED_SELECTOR = YES;
				GCC_WARN_UNINITIALIZED_AUTOS = YES_AGGRESSIVE;
				GCC_WARN_UNUSED_FUNCTION = YES;
				GCC_WARN_UNUSED_VARIABLE = YES;
				IPHONEOS_DEPLOYMENT_TARGET = 12.4;
				MTL_ENABLE_DEBUG_INFO = NO;
				MTL_FAST_MATH = YES;
				SDKROOT = iphoneos;
				SWIFT_COMPILATION_MODE = wholemodule;
				SWIFT_OPTIMIZATION_LEVEL = "-O";
				VALIDATE_PRODUCT = YES;
			};
			name = Release;
		};
		21D603C22326529B00F075E8 /* Debug */ = {
			isa = XCBuildConfiguration;
			baseConfigurationReference = E4EB5C09788DE7B3102C3352 /* Pods-Moneywell.debug.xcconfig */;
			buildSettings = {
				ASSETCATALOG_COMPILER_APPICON_NAME = AppIcon;
				CODE_SIGN_STYLE = Automatic;
				DEVELOPMENT_TEAM = H8S6N7BJTQ;
				INFOPLIST_FILE = Moneywell/Info.plist;
				LD_RUNPATH_SEARCH_PATHS = (
					"$(inherited)",
					"@executable_path/Frameworks",
				);
				PRODUCT_BUNDLE_IDENTIFIER = abrampers.Moneywell;
				PRODUCT_NAME = "$(TARGET_NAME)";
				SWIFT_VERSION = 5.0;
				TARGETED_DEVICE_FAMILY = 1;
			};
			name = Debug;
		};
		21D603C32326529B00F075E8 /* Release */ = {
			isa = XCBuildConfiguration;
			baseConfigurationReference = 1DD23306FEA1F6FDBEC8A15E /* Pods-Moneywell.release.xcconfig */;
			buildSettings = {
				ASSETCATALOG_COMPILER_APPICON_NAME = AppIcon;
				CODE_SIGN_STYLE = Automatic;
				DEVELOPMENT_TEAM = H8S6N7BJTQ;
				INFOPLIST_FILE = Moneywell/Info.plist;
				LD_RUNPATH_SEARCH_PATHS = (
					"$(inherited)",
					"@executable_path/Frameworks",
				);
				PRODUCT_BUNDLE_IDENTIFIER = abrampers.Moneywell;
				PRODUCT_NAME = "$(TARGET_NAME)";
				SWIFT_VERSION = 5.0;
				TARGETED_DEVICE_FAMILY = 1;
			};
			name = Release;
		};
/* End XCBuildConfiguration section */

/* Begin XCConfigurationList section */
		21D603AA2326529900F075E8 /* Build configuration list for PBXProject "Moneywell" */ = {
			isa = XCConfigurationList;
			buildConfigurations = (
				21D603BF2326529B00F075E8 /* Debug */,
				21D603C02326529B00F075E8 /* Release */,
			);
			defaultConfigurationIsVisible = 0;
			defaultConfigurationName = Release;
		};
		21D603C12326529B00F075E8 /* Build configuration list for PBXNativeTarget "Moneywell" */ = {
			isa = XCConfigurationList;
			buildConfigurations = (
				21D603C22326529B00F075E8 /* Debug */,
				21D603C32326529B00F075E8 /* Release */,
			);
			defaultConfigurationIsVisible = 0;
			defaultConfigurationName = Release;
		};
/* End XCConfigurationList section */
	};
	rootObject = 21D603A72326529900F075E8 /* Project object */;
}
